// !$*UTF8*$!
{
	archiveVersion = 1;
	classes = {
	};
	objectVersion = 50;
	objects = {

/* Begin PBXBuildFile section */
		020497012617885D0096487D /* AppDelegate.swift in Sources */ = {isa = PBXBuildFile; fileRef = 020497002617885D0096487D /* AppDelegate.swift */; };
		020497032617885D0096487D /* SceneDelegate.swift in Sources */ = {isa = PBXBuildFile; fileRef = 020497022617885D0096487D /* SceneDelegate.swift */; };
		020497052617885D0096487D /* ViewController.swift in Sources */ = {isa = PBXBuildFile; fileRef = 020497042617885D0096487D /* ViewController.swift */; };
		020497082617885D0096487D /* Main.storyboard in Resources */ = {isa = PBXBuildFile; fileRef = 020497062617885D0096487D /* Main.storyboard */; };
		0204970A2617885D0096487D /* Assets.xcassets in Resources */ = {isa = PBXBuildFile; fileRef = 020497092617885D0096487D /* Assets.xcassets */; };
		0204970D2617885D0096487D /* LaunchScreen.storyboard in Resources */ = {isa = PBXBuildFile; fileRef = 0204970B2617885D0096487D /* LaunchScreen.storyboard */; };
		020497182617885D0096487D /* lesson1g3Tests.swift in Sources */ = {isa = PBXBuildFile; fileRef = 020497172617885D0096487D /* lesson1g3Tests.swift */; };
		020497232617885D0096487D /* lesson1g3UITests.swift in Sources */ = {isa = PBXBuildFile; fileRef = 020497222617885D0096487D /* lesson1g3UITests.swift */; };
/* End PBXBuildFile section */

/* Begin PBXContainerItemProxy section */
		020497142617885D0096487D /* PBXContainerItemProxy */ = {
			isa = PBXContainerItemProxy;
			containerPortal = 020496F52617885D0096487D /* Project object */;
			proxyType = 1;
			remoteGlobalIDString = 020496FC2617885D0096487D;
			remoteInfo = lesson1g3;
		};
		0204971F2617885D0096487D /* PBXContainerItemProxy */ = {
			isa = PBXContainerItemProxy;
			containerPortal = 020496F52617885D0096487D /* Project object */;
			proxyType = 1;
			remoteGlobalIDString = 020496FC2617885D0096487D;
			remoteInfo = lesson1g3;
		};
/* End PBXContainerItemProxy section */

/* Begin PBXFileReference section */
		020496FD2617885D0096487D /* lesson1g3.app */ = {isa = PBXFileReference; explicitFileType = wrapper.application; includeInIndex = 0; path = lesson1g3.app; sourceTree = BUILT_PRODUCTS_DIR; };
		020497002617885D0096487D /* AppDelegate.swift */ = {isa = PBXFileReference; lastKnownFileType = sourcecode.swift; path = AppDelegate.swift; sourceTree = "<group>"; };
		020497022617885D0096487D /* SceneDelegate.swift */ = {isa = PBXFileReference; lastKnownFileType = sourcecode.swift; path = SceneDelegate.swift; sourceTree = "<group>"; };
		020497042617885D0096487D /* ViewController.swift */ = {isa = PBXFileReference; lastKnownFileType = sourcecode.swift; path = ViewController.swift; sourceTree = "<group>"; };
		020497072617885D0096487D /* Base */ = {isa = PBXFileReference; lastKnownFileType = file.storyboard; name = Base; path = Base.lproj/Main.storyboard; sourceTree = "<group>"; };
		020497092617885D0096487D /* Assets.xcassets */ = {isa = PBXFileReference; lastKnownFileType = folder.assetcatalog; path = Assets.xcassets; sourceTree = "<group>"; };
		0204970C2617885D0096487D /* Base */ = {isa = PBXFileReference; lastKnownFileType = file.storyboard; name = Base; path = Base.lproj/LaunchScreen.storyboard; sourceTree = "<group>"; };
		0204970E2617885D0096487D /* Info.plist */ = {isa = PBXFileReference; lastKnownFileType = text.plist.xml; path = Info.plist; sourceTree = "<group>"; };
		020497132617885D0096487D /* lesson1g3Tests.xctest */ = {isa = PBXFileReference; explicitFileType = wrapper.cfbundle; includeInIndex = 0; path = lesson1g3Tests.xctest; sourceTree = BUILT_PRODUCTS_DIR; };
		020497172617885D0096487D /* lesson1g3Tests.swift */ = {isa = PBXFileReference; lastKnownFileType = sourcecode.swift; path = lesson1g3Tests.swift; sourceTree = "<group>"; };
		020497192617885D0096487D /* Info.plist */ = {isa = PBXFileReference; lastKnownFileType = text.plist.xml; path = Info.plist; sourceTree = "<group>"; };
		0204971E2617885D0096487D /* lesson1g3UITests.xctest */ = {isa = PBXFileReference; explicitFileType = wrapper.cfbundle; includeInIndex = 0; path = lesson1g3UITests.xctest; sourceTree = BUILT_PRODUCTS_DIR; };
		020497222617885D0096487D /* lesson1g3UITests.swift */ = {isa = PBXFileReference; lastKnownFileType = sourcecode.swift; path = lesson1g3UITests.swift; sourceTree = "<group>"; };
		020497242617885D0096487D /* Info.plist */ = {isa = PBXFileReference; lastKnownFileType = text.plist.xml; path = Info.plist; sourceTree = "<group>"; };
/* End PBXFileReference section */

/* Begin PBXFrameworksBuildPhase section */
		020496FA2617885D0096487D /* Frameworks */ = {
			isa = PBXFrameworksBuildPhase;
			buildActionMask = 2147483647;
			files = (
			);
			runOnlyForDeploymentPostprocessing = 0;
		};
		020497102617885D0096487D /* Frameworks */ = {
			isa = PBXFrameworksBuildPhase;
			buildActionMask = 2147483647;
			files = (
			);
			runOnlyForDeploymentPostprocessing = 0;
		};
		0204971B2617885D0096487D /* Frameworks */ = {
			isa = PBXFrameworksBuildPhase;
			buildActionMask = 2147483647;
			files = (
			);
			runOnlyForDeploymentPostprocessing = 0;
		};
/* End PBXFrameworksBuildPhase section */

/* Begin PBXGroup section */
		020496F42617885D0096487D = {
			isa = PBXGroup;
			children = (
				020496FF2617885D0096487D /* lesson1g3 */,
				020497162617885D0096487D /* lesson1g3Tests */,
				020497212617885D0096487D /* lesson1g3UITests */,
				020496FE2617885D0096487D /* Products */,
			);
			sourceTree = "<group>";
		};
		020496FE2617885D0096487D /* Products */ = {
			isa = PBXGroup;
			children = (
				020496FD2617885D0096487D /* lesson1g3.app */,
				020497132617885D0096487D /* lesson1g3Tests.xctest */,
				0204971E2617885D0096487D /* lesson1g3UITests.xctest */,
			);
			name = Products;
			sourceTree = "<group>";
		};
		020496FF2617885D0096487D /* lesson1g3 */ = {
			isa = PBXGroup;
			children = (
				020497002617885D0096487D /* AppDelegate.swift */,
				020497022617885D0096487D /* SceneDelegate.swift */,
				020497042617885D0096487D /* ViewController.swift */,
				020497062617885D0096487D /* Main.storyboard */,
				020497092617885D0096487D /* Assets.xcassets */,
				0204970B2617885D0096487D /* LaunchScreen.storyboard */,
				0204970E2617885D0096487D /* Info.plist */,
			);
			path = lesson1g3;
			sourceTree = "<group>";
		};
		020497162617885D0096487D /* lesson1g3Tests */ = {
			isa = PBXGroup;
			children = (
				020497172617885D0096487D /* lesson1g3Tests.swift */,
				020497192617885D0096487D /* Info.plist */,
			);
			path = lesson1g3Tests;
			sourceTree = "<group>";
		};
		020497212617885D0096487D /* lesson1g3UITests */ = {
			isa = PBXGroup;
			children = (
				020497222617885D0096487D /* lesson1g3UITests.swift */,
				020497242617885D0096487D /* Info.plist */,
			);
			path = lesson1g3UITests;
			sourceTree = "<group>";
		};
/* End PBXGroup section */

/* Begin PBXNativeTarget section */
		020496FC2617885D0096487D /* lesson1g3 */ = {
			isa = PBXNativeTarget;
			buildConfigurationList = 020497272617885D0096487D /* Build configuration list for PBXNativeTarget "lesson1g3" */;
			buildPhases = (
				020496F92617885D0096487D /* Sources */,
				020496FA2617885D0096487D /* Frameworks */,
				020496FB2617885D0096487D /* Resources */,
			);
			buildRules = (
			);
			dependencies = (
			);
			name = lesson1g3;
			productName = lesson1g3;
			productReference = 020496FD2617885D0096487D /* lesson1g3.app */;
			productType = "com.apple.product-type.application";
		};
		020497122617885D0096487D /* lesson1g3Tests */ = {
			isa = PBXNativeTarget;
			buildConfigurationList = 0204972A2617885D0096487D /* Build configuration list for PBXNativeTarget "lesson1g3Tests" */;
			buildPhases = (
				0204970F2617885D0096487D /* Sources */,
				020497102617885D0096487D /* Frameworks */,
				020497112617885D0096487D /* Resources */,
			);
			buildRules = (
			);
			dependencies = (
				020497152617885D0096487D /* PBXTargetDependency */,
			);
			name = lesson1g3Tests;
			productName = lesson1g3Tests;
			productReference = 020497132617885D0096487D /* lesson1g3Tests.xctest */;
			productType = "com.apple.product-type.bundle.unit-test";
		};
		0204971D2617885D0096487D /* lesson1g3UITests */ = {
			isa = PBXNativeTarget;
			buildConfigurationList = 0204972D2617885D0096487D /* Build configuration list for PBXNativeTarget "lesson1g3UITests" */;
			buildPhases = (
				0204971A2617885D0096487D /* Sources */,
				0204971B2617885D0096487D /* Frameworks */,
				0204971C2617885D0096487D /* Resources */,
			);
			buildRules = (
			);
			dependencies = (
				020497202617885D0096487D /* PBXTargetDependency */,
			);
			name = lesson1g3UITests;
			productName = lesson1g3UITests;
			productReference = 0204971E2617885D0096487D /* lesson1g3UITests.xctest */;
			productType = "com.apple.product-type.bundle.ui-testing";
		};
/* End PBXNativeTarget section */

/* Begin PBXProject section */
		020496F52617885D0096487D /* Project object */ = {
			isa = PBXProject;
			attributes = {
				LastSwiftUpdateCheck = 1240;
				LastUpgradeCheck = 1240;
				TargetAttributes = {
					020496FC2617885D0096487D = {
						CreatedOnToolsVersion = 12.4;
					};
					020497122617885D0096487D = {
						CreatedOnToolsVersion = 12.4;
						TestTargetID = 020496FC2617885D0096487D;
					};
					0204971D2617885D0096487D = {
						CreatedOnToolsVersion = 12.4;
						TestTargetID = 020496FC2617885D0096487D;
					};
				};
			};
			buildConfigurationList = 020496F82617885D0096487D /* Build configuration list for PBXProject "lesson1g3" */;
			compatibilityVersion = "Xcode 9.3";
			developmentRegion = en;
			hasScannedForEncodings = 0;
			knownRegions = (
				en,
				Base,
			);
			mainGroup = 020496F42617885D0096487D;
			productRefGroup = 020496FE2617885D0096487D /* Products */;
			projectDirPath = "";
			projectRoot = "";
			targets = (
				020496FC2617885D0096487D /* lesson1g3 */,
				020497122617885D0096487D /* lesson1g3Tests */,
				0204971D2617885D0096487D /* lesson1g3UITests */,
			);
		};
/* End PBXProject section */

/* Begin PBXResourcesBuildPhase section */
		020496FB2617885D0096487D /* Resources */ = {
			isa = PBXResourcesBuildPhase;
			buildActionMask = 2147483647;
			files = (
				0204970D2617885D0096487D /* LaunchScreen.storyboard in Resources */,
				0204970A2617885D0096487D /* Assets.xcassets in Resources */,
				020497082617885D0096487D /* Main.storyboard in Resources */,
			);
			runOnlyForDeploymentPostprocessing = 0;
		};
		020497112617885D0096487D /* Resources */ = {
			isa = PBXResourcesBuildPhase;
			buildActionMask = 2147483647;
			files = (
			);
			runOnlyForDeploymentPostprocessing = 0;
		};
		0204971C2617885D0096487D /* Resources */ = {
			isa = PBXResourcesBuildPhase;
			buildActionMask = 2147483647;
			files = (
			);
			runOnlyForDeploymentPostprocessing = 0;
		};
/* End PBXResourcesBuildPhase section */

/* Begin PBXSourcesBuildPhase section */
		020496F92617885D0096487D /* Sources */ = {
			isa = PBXSourcesBuildPhase;
			buildActionMask = 2147483647;
			files = (
				020497052617885D0096487D /* ViewController.swift in Sources */,
				020497012617885D0096487D /* AppDelegate.swift in Sources */,
				020497032617885D0096487D /* SceneDelegate.swift in Sources */,
			);
			runOnlyForDeploymentPostprocessing = 0;
		};
		0204970F2617885D0096487D /* Sources */ = {
			isa = PBXSourcesBuildPhase;
			buildActionMask = 2147483647;
			files = (
				020497182617885D0096487D /* lesson1g3Tests.swift in Sources */,
			);
			runOnlyForDeploymentPostprocessing = 0;
		};
		0204971A2617885D0096487D /* Sources */ = {
			isa = PBXSourcesBuildPhase;
			buildActionMask = 2147483647;
			files = (
				020497232617885D0096487D /* lesson1g3UITests.swift in Sources */,
			);
			runOnlyForDeploymentPostprocessing = 0;
		};
/* End PBXSourcesBuildPhase section */

/* Begin PBXTargetDependency section */
		020497152617885D0096487D /* PBXTargetDependency */ = {
			isa = PBXTargetDependency;
			target = 020496FC2617885D0096487D /* lesson1g3 */;
			targetProxy = 020497142617885D0096487D /* PBXContainerItemProxy */;
		};
		020497202617885D0096487D /* PBXTargetDependency */ = {
			isa = PBXTargetDependency;
			target = 020496FC2617885D0096487D /* lesson1g3 */;
			targetProxy = 0204971F2617885D0096487D /* PBXContainerItemProxy */;
		};
/* End PBXTargetDependency section */

/* Begin PBXVariantGroup section */
		020497062617885D0096487D /* Main.storyboard */ = {
			isa = PBXVariantGroup;
			children = (
				020497072617885D0096487D /* Base */,
			);
			name = Main.storyboard;
			sourceTree = "<group>";
		};
		0204970B2617885D0096487D /* LaunchScreen.storyboard */ = {
			isa = PBXVariantGroup;
			children = (
				0204970C2617885D0096487D /* Base */,
			);
			name = LaunchScreen.storyboard;
			sourceTree = "<group>";
		};
/* End PBXVariantGroup section */

/* Begin XCBuildConfiguration section */
		020497252617885D0096487D /* Debug */ = {
			isa = XCBuildConfiguration;
			buildSettings = {
				ALWAYS_SEARCH_USER_PATHS = NO;
				CLANG_ANALYZER_NONNULL = YES;
				CLANG_ANALYZER_NUMBER_OBJECT_CONVERSION = YES_AGGRESSIVE;
				CLANG_CXX_LANGUAGE_STANDARD = "gnu++14";
				CLANG_CXX_LIBRARY = "libc++";
				CLANG_ENABLE_MODULES = YES;
				CLANG_ENABLE_OBJC_ARC = YES;
				CLANG_ENABLE_OBJC_WEAK = YES;
				CLANG_WARN_BLOCK_CAPTURE_AUTORELEASING = YES;
				CLANG_WARN_BOOL_CONVERSION = YES;
				CLANG_WARN_COMMA = YES;
				CLANG_WARN_CONSTANT_CONVERSION = YES;
				CLANG_WARN_DEPRECATED_OBJC_IMPLEMENTATIONS = YES;
				CLANG_WARN_DIRECT_OBJC_ISA_USAGE = YES_ERROR;
				CLANG_WARN_DOCUMENTATION_COMMENTS = YES;
				CLANG_WARN_EMPTY_BODY = YES;
				CLANG_WARN_ENUM_CONVERSION = YES;
				CLANG_WARN_INFINITE_RECURSION = YES;
				CLANG_WARN_INT_CONVERSION = YES;
				CLANG_WARN_NON_LITERAL_NULL_CONVERSION = YES;
				CLANG_WARN_OBJC_IMPLICIT_RETAIN_SELF = YES;
				CLANG_WARN_OBJC_LITERAL_CONVERSION = YES;
				CLANG_WARN_OBJC_ROOT_CLASS = YES_ERROR;
				CLANG_WARN_QUOTED_INCLUDE_IN_FRAMEWORK_HEADER = YES;
				CLANG_WARN_RANGE_LOOP_ANALYSIS = YES;
				CLANG_WARN_STRICT_PROTOTYPES = YES;
				CLANG_WARN_SUSPICIOUS_MOVE = YES;
				CLANG_WARN_UNGUARDED_AVAILABILITY = YES_AGGRESSIVE;
				CLANG_WARN_UNREACHABLE_CODE = YES;
				CLANG_WARN__DUPLICATE_METHOD_MATCH = YES;
				COPY_PHASE_STRIP = NO;
				DEBUG_INFORMATION_FORMAT = dwarf;
				ENABLE_STRICT_OBJC_MSGSEND = YES;
				ENABLE_TESTABILITY = YES;
				GCC_C_LANGUAGE_STANDARD = gnu11;
				GCC_DYNAMIC_NO_PIC = NO;
				GCC_NO_COMMON_BLOCKS = YES;
				GCC_OPTIMIZATION_LEVEL = 0;
				GCC_PREPROCESSOR_DEFINITIONS = (
					"DEBUG=1",
					"$(inherited)",
				);
				GCC_WARN_64_TO_32_BIT_CONVERSION = YES;
				GCC_WARN_ABOUT_RETURN_TYPE = YES_ERROR;
				GCC_WARN_UNDECLARED_SELECTOR = YES;
				GCC_WARN_UNINITIALIZED_AUTOS = YES_AGGRESSIVE;
				GCC_WARN_UNUSED_FUNCTION = YES;
				GCC_WARN_UNUSED_VARIABLE = YES;
				IPHONEOS_DEPLOYMENT_TARGET = 14.4;
				MTL_ENABLE_DEBUG_INFO = INCLUDE_SOURCE;
				MTL_FAST_MATH = YES;
				ONLY_ACTIVE_ARCH = YES;
				SDKROOT = iphoneos;
				SWIFT_ACTIVE_COMPILATION_CONDITIONS = DEBUG;
				SWIFT_OPTIMIZATION_LEVEL = "-Onone";
			};
			name = Debug;
		};
		020497262617885D0096487D /* Release */ = {
			isa = XCBuildConfiguration;
			buildSettings = {
				ALWAYS_SEARCH_USER_PATHS = NO;
				CLANG_ANALYZER_NONNULL = YES;
				CLANG_ANALYZER_NUMBER_OBJECT_CONVERSION = YES_AGGRESSIVE;
				CLANG_CXX_LANGUAGE_STANDARD = "gnu++14";
				CLANG_CXX_LIBRARY = "libc++";
				CLANG_ENABLE_MODULES = YES;
				CLANG_ENABLE_OBJC_ARC = YES;
				CLANG_ENABLE_OBJC_WEAK = YES;
				CLANG_WARN_BLOCK_CAPTURE_AUTORELEASING = YES;
				CLANG_WARN_BOOL_CONVERSION = YES;
				CLANG_WARN_COMMA = YES;
				CLANG_WARN_CONSTANT_CONVERSION = YES;
				CLANG_WARN_DEPRECATED_OBJC_IMPLEMENTATIONS = YES;
				CLANG_WARN_DIRECT_OBJC_ISA_USAGE = YES_ERROR;
				CLANG_WARN_DOCUMENTATION_COMMENTS = YES;
				CLANG_WARN_EMPTY_BODY = YES;
				CLANG_WARN_ENUM_CONVERSION = YES;
				CLANG_WARN_INFINITE_RECURSION = YES;
				CLANG_WARN_INT_CONVERSION = YES;
				CLANG_WARN_NON_LITERAL_NULL_CONVERSION = YES;
				CLANG_WARN_OBJC_IMPLICIT_RETAIN_SELF = YES;
				CLANG_WARN_OBJC_LITERAL_CONVERSION = YES;
				CLANG_WARN_OBJC_ROOT_CLASS = YES_ERROR;
				CLANG_WARN_QUOTED_INCLUDE_IN_FRAMEWORK_HEADER = YES;
				CLANG_WARN_RANGE_LOOP_ANALYSIS = YES;
				CLANG_WARN_STRICT_PROTOTYPES = YES;
				CLANG_WARN_SUSPICIOUS_MOVE = YES;
				CLANG_WARN_UNGUARDED_AVAILABILITY = YES_AGGRESSIVE;
				CLANG_WARN_UNREACHABLE_CODE = YES;
				CLANG_WARN__DUPLICATE_METHOD_MATCH = YES;
				COPY_PHASE_STRIP = NO;
				DEBUG_INFORMATION_FORMAT = "dwarf-with-dsym";
				ENABLE_NS_ASSERTIONS = NO;
				ENABLE_STRICT_OBJC_MSGSEND = YES;
				GCC_C_LANGUAGE_STANDARD = gnu11;
				GCC_NO_COMMON_BLOCKS = YES;
				GCC_WARN_64_TO_32_BIT_CONVERSION = YES;
				GCC_WARN_ABOUT_RETURN_TYPE = YES_ERROR;
				GCC_WARN_UNDECLARED_SELECTOR = YES;
				GCC_WARN_UNINITIALIZED_AUTOS = YES_AGGRESSIVE;
				GCC_WARN_UNUSED_FUNCTION = YES;
				GCC_WARN_UNUSED_VARIABLE = YES;
				IPHONEOS_DEPLOYMENT_TARGET = 14.4;
				MTL_ENABLE_DEBUG_INFO = NO;
				MTL_FAST_MATH = YES;
				SDKROOT = iphoneos;
				SWIFT_COMPILATION_MODE = wholemodule;
				SWIFT_OPTIMIZATION_LEVEL = "-O";
				VALIDATE_PRODUCT = YES;
			};
			name = Release;
		};
		020497282617885D0096487D /* Debug */ = {
			isa = XCBuildConfiguration;
			buildSettings = {
				ASSETCATALOG_COMPILER_APPICON_NAME = AppIcon;
				ASSETCATALOG_COMPILER_GLOBAL_ACCENT_COLOR_NAME = AccentColor;
				CODE_SIGN_STYLE = Automatic;
				DEVELOPMENT_TEAM = LPLF87N9KX;
				INFOPLIST_FILE = lesson1g3/Info.plist;
				LD_RUNPATH_SEARCH_PATHS = (
					"$(inherited)",
					"@executable_path/Frameworks",
				);
				PRODUCT_BUNDLE_IDENTIFIER = geekbrains.lesson1g3;
				PRODUCT_NAME = "$(TARGET_NAME)";
				SWIFT_VERSION = 5.0;
				TARGETED_DEVICE_FAMILY = "1,2";
			};
			name = Debug;
		};
		020497292617885D0096487D /* Release */ = {
			isa = XCBuildConfiguration;
			buildSettings = {
				ASSETCATALOG_COMPILER_APPICON_NAME = AppIcon;
				ASSETCATALOG_COMPILER_GLOBAL_ACCENT_COLOR_NAME = AccentColor;
				CODE_SIGN_STYLE = Automatic;
				DEVELOPMENT_TEAM = LPLF87N9KX;
				INFOPLIST_FILE = lesson1g3/Info.plist;
				LD_RUNPATH_SEARCH_PATHS = (
					"$(inherited)",
					"@executable_path/Frameworks",
				);
				PRODUCT_BUNDLE_IDENTIFIER = geekbrains.lesson1g3;
				PRODUCT_NAME = "$(TARGET_NAME)";
				SWIFT_VERSION = 5.0;
				TARGETED_DEVICE_FAMILY = "1,2";
			};
			name = Release;
		};
		0204972B2617885D0096487D /* Debug */ = {
			isa = XCBuildConfiguration;
			buildSettings = {
				ALWAYS_EMBED_SWIFT_STANDARD_LIBRARIES = YES;
				BUNDLE_LOADER = "$(TEST_HOST)";
				CODE_SIGN_STYLE = Automatic;
				DEVELOPMENT_TEAM = LPLF87N9KX;
				INFOPLIST_FILE = lesson1g3Tests/Info.plist;
				IPHONEOS_DEPLOYMENT_TARGET = 14.4;
				LD_RUNPATH_SEARCH_PATHS = (
					"$(inherited)",
					"@executable_path/Frameworks",
					"@loader_path/Frameworks",
				);
				PRODUCT_BUNDLE_IDENTIFIER = geekbrains.lesson1g3Tests;
				PRODUCT_NAME = "$(TARGET_NAME)";
				SWIFT_VERSION = 5.0;
				TARGETED_DEVICE_FAMILY = "1,2";
				TEST_HOST = "$(BUILT_PRODUCTS_DIR)/lesson1g3.app/lesson1g3";
			};
			name = Debug;
		};
		0204972C2617885D0096487D /* Release */ = {
			isa = XCBuildConfiguration;
			buildSettings = {
				ALWAYS_EMBED_SWIFT_STANDARD_LIBRARIES = YES;
				BUNDLE_LOADER = "$(TEST_HOST)";
				CODE_SIGN_STYLE = Automatic;
				DEVELOPMENT_TEAM = LPLF87N9KX;
				INFOPLIST_FILE = lesson1g3Tests/Info.plist;
				IPHONEOS_DEPLOYMENT_TARGET = 14.4;
				LD_RUNPATH_SEARCH_PATHS = (
					"$(inherited)",
					"@executable_path/Frameworks",
					"@loader_path/Frameworks",
				);
				PRODUCT_BUNDLE_IDENTIFIER = geekbrains.lesson1g3Tests;
				PRODUCT_NAME = "$(TARGET_NAME)";
				SWIFT_VERSION = 5.0;
				TARGETED_DEVICE_FAMILY = "1,2";
				TEST_HOST = "$(BUILT_PRODUCTS_DIR)/lesson1g3.app/lesson1g3";
			};
			name = Release;
		};
		0204972E2617885D0096487D /* Debug */ = {
			isa = XCBuildConfiguration;
			buildSettings = {
				ALWAYS_EMBED_SWIFT_STANDARD_LIBRARIES = YES;
				CODE_SIGN_STYLE = Automatic;
				DEVELOPMENT_TEAM = LPLF87N9KX;
				INFOPLIST_FILE = lesson1g3UITests/Info.plist;
				LD_RUNPATH_SEARCH_PATHS = (
					"$(inherited)",
					"@executable_path/Frameworks",
					"@loader_path/Frameworks",
				);
				PRODUCT_BUNDLE_IDENTIFIER = geekbrains.lesson1g3UITests;
				PRODUCT_NAME = "$(TARGET_NAME)";
				SWIFT_VERSION = 5.0;
				TARGETED_DEVICE_FAMILY = "1,2";
				TEST_TARGET_NAME = lesson1g3;
			};
			name = Debug;
		};
		0204972F2617885D0096487D /* Release */ = {
			isa = XCBuildConfiguration;
			buildSettings = {
				ALWAYS_EMBED_SWIFT_STANDARD_LIBRARIES = YES;
				CODE_SIGN_STYLE = Automatic;
				DEVELOPMENT_TEAM = LPLF87N9KX;
				INFOPLIST_FILE = lesson1g3UITests/Info.plist;
				LD_RUNPATH_SEARCH_PATHS = (
					"$(inherited)",
					"@executable_path/Frameworks",
					"@loader_path/Frameworks",
				);
				PRODUCT_BUNDLE_IDENTIFIER = geekbrains.lesson1g3UITests;
				PRODUCT_NAME = "$(TARGET_NAME)";
				SWIFT_VERSION = 5.0;
				TARGETED_DEVICE_FAMILY = "1,2";
				TEST_TARGET_NAME = lesson1g3;
			};
			name = Release;
		};
/* End XCBuildConfiguration section */

/* Begin XCConfigurationList section */
		020496F82617885D0096487D /* Build configuration list for PBXProject "lesson1g3" */ = {
			isa = XCConfigurationList;
			buildConfigurations = (
				020497252617885D0096487D /* Debug */,
				020497262617885D0096487D /* Release */,
			);
			defaultConfigurationIsVisible = 0;
			defaultConfigurationName = Release;
		};
		020497272617885D0096487D /* Build configuration list for PBXNativeTarget "lesson1g3" */ = {
			isa = XCConfigurationList;
			buildConfigurations = (
				020497282617885D0096487D /* Debug */,
				020497292617885D0096487D /* Release */,
			);
			defaultConfigurationIsVisible = 0;
			defaultConfigurationName = Release;
		};
		0204972A2617885D0096487D /* Build configuration list for PBXNativeTarget "lesson1g3Tests" */ = {
			isa = XCConfigurationList;
			buildConfigurations = (
				0204972B2617885D0096487D /* Debug */,
				0204972C2617885D0096487D /* Release */,
			);
			defaultConfigurationIsVisible = 0;
			defaultConfigurationName = Release;
		};
		0204972D2617885D0096487D /* Build configuration list for PBXNativeTarget "lesson1g3UITests" */ = {
			isa = XCConfigurationList;
			buildConfigurations = (
				0204972E2617885D0096487D /* Debug */,
				0204972F2617885D0096487D /* Release */,
			);
			defaultConfigurationIsVisible = 0;
			defaultConfigurationName = Release;
		};
/* End XCConfigurationList section */
	};
	rootObject = 020496F52617885D0096487D /* Project object */;
}
